
Microsoft Visual Studio Solution File, Format Version 12.00
# Visual Studio 15
Project("{FAE04EC0-301F-11D3-BF4B-00C04F79EFBC}") = "Assembly-CSharp", "Assembly-CSharp.csproj", "{EA139FB4-13E1-45C3-E45D-9B8BD3771DAA}"
EndProject
Project("{FAE04EC0-301F-11D3-BF4B-00C04F79EFBC}") = "Assembly-CSharp-Editor", "Assembly-CSharp-Editor.csproj", "{31004759-7B26-CF18-CF9D-10AB703046FE}"
EndProject
Global
	GlobalSection(SolutionConfigurationPlatforms) = preSolution
		Debug|Any CPU = Debug|Any CPU
		Release|Any CPU = Release|Any CPU
	EndGlobalSection
	GlobalSection(ProjectConfigurationPlatforms) = postSolution
		{EA139FB4-13E1-45C3-E45D-9B8BD3771DAA}.Debug|Any CPU.ActiveCfg = Debug|Any CPU
		{EA139FB4-13E1-45C3-E45D-9B8BD3771DAA}.Debug|Any CPU.Build.0 = Debug|Any CPU
		{EA139FB4-13E1-45C3-E45D-9B8BD3771DAA}.Release|Any CPU.ActiveCfg = Release|Any CPU
		{EA139FB4-13E1-45C3-E45D-9B8BD3771DAA}.Release|Any CPU.Build.0 = Release|Any CPU
		{31004759-7B26-CF18-CF9D-10AB703046FE}.Debug|Any CPU.ActiveCfg = Debug|Any CPU
		{31004759-7B26-CF18-CF9D-10AB703046FE}.Debug|Any CPU.Build.0 = Debug|Any CPU
		{31004759-7B26-CF18-CF9D-10AB703046FE}.Release|Any CPU.ActiveCfg = Release|Any CPU
		{31004759-7B26-CF18-CF9D-10AB703046FE}.Release|Any CPU.Build.0 = Release|Any CPU
	EndGlobalSection
	GlobalSection(SolutionProperties) = preSolution
		HideSolutionNode = FALSE
	EndGlobalSection
EndGlobal
